
Microsoft Visual Studio Solution File, Format Version 12.00
# Visual Studio 15
VisualStudioVersion = 15.0.28307.271
MinimumVisualStudioVersion = 10.0.40219.1
Project("{2150E333-8FDC-42A3-9474-1A3956D46DE8}") = "0 - Presentation", "0 - Presentation", "{19E0C620-5E2E-4424-B1EB-085CF7102002}"
EndProject
Project("{2150E333-8FDC-42A3-9474-1A3956D46DE8}") = "1 - Application", "1 - Application", "{78FFA08B-F28A-412F-9D6B-09B00D8AED8C}"
EndProject
Project("{2150E333-8FDC-42A3-9474-1A3956D46DE8}") = "2 - Domain", "2 - Domain", "{ACB51D47-30EE-4EE4-9EAC-0E6E3E8A1AA5}"
EndProject
Project("{FAE04EC0-301F-11D3-BF4B-00C04F79EFBC}") = "T4WSystem.Presentation.MVC", "src\T4WSystem.Presentation.MVC\T4WSystem.Presentation.MVC.csproj", "{EFCC6E9B-94A9-41B1-AA9C-C3EAE7404B0A}"
EndProject
Project("{FAE04EC0-301F-11D3-BF4B-00C04F79EFBC}") = "T4WSystem.Domain", "src\T4WSystem.Domain\T4WSystem.Domain.csproj", "{3DA6A36B-3E16-411B-A88D-7343ECA400FE}"
EndProject
Project("{FAE04EC0-301F-11D3-BF4B-00C04F79EFBC}") = "T4WSystem.Application", "src\T4WSystem.Application\T4WSystem.Application.csproj", "{D2977915-E2B3-4FE5-B92E-AC6E0CD6F212}"
EndProject
Project("{2150E333-8FDC-42A3-9474-1A3956D46DE8}") = "3 - Infra", "3 - Infra", "{D17B7FB1-3AF0-411A-9C02-A155036CFF8A}"
EndProject
Project("{2150E333-8FDC-42A3-9474-1A3956D46DE8}") = "3.1 - CrossCutting", "3.1 - CrossCutting", "{3D7D7D78-C611-4B93-9262-C4C716E9AEDC}"
EndProject
Project("{2150E333-8FDC-42A3-9474-1A3956D46DE8}") = "IoC", "IoC", "{CDE77EEF-D042-4B2A-9E28-19CA14D4DAF2}"
EndProject
Project("{FAE04EC0-301F-11D3-BF4B-00C04F79EFBC}") = "T4WSystem.Infra.CrossCutting.IoC", "src\T4WSystem.Infra.CrossCutting.IoC\T4WSystem.Infra.CrossCutting.IoC.csproj", "{B1719385-E9A8-4E34-94AD-B951D841BFAB}"
EndProject
Global
	GlobalSection(SolutionConfigurationPlatforms) = preSolution
		Debug|Any CPU = Debug|Any CPU
		Debug|ARM = Debug|ARM
		Debug|ARM64 = Debug|ARM64
		Debug|x64 = Debug|x64
		Debug|x86 = Debug|x86
		Release|Any CPU = Release|Any CPU
		Release|ARM = Release|ARM
		Release|ARM64 = Release|ARM64
		Release|x64 = Release|x64
		Release|x86 = Release|x86
	EndGlobalSection
	GlobalSection(ProjectConfigurationPlatforms) = postSolution
		{EFCC6E9B-94A9-41B1-AA9C-C3EAE7404B0A}.Debug|Any CPU.ActiveCfg = Debug|Any CPU
		{EFCC6E9B-94A9-41B1-AA9C-C3EAE7404B0A}.Debug|Any CPU.Build.0 = Debug|Any CPU
		{EFCC6E9B-94A9-41B1-AA9C-C3EAE7404B0A}.Debug|ARM.ActiveCfg = Debug|Any CPU
		{EFCC6E9B-94A9-41B1-AA9C-C3EAE7404B0A}.Debug|ARM.Build.0 = Debug|Any CPU
		{EFCC6E9B-94A9-41B1-AA9C-C3EAE7404B0A}.Debug|ARM64.ActiveCfg = Debug|Any CPU
		{EFCC6E9B-94A9-41B1-AA9C-C3EAE7404B0A}.Debug|ARM64.Build.0 = Debug|Any CPU
		{EFCC6E9B-94A9-41B1-AA9C-C3EAE7404B0A}.Debug|x64.ActiveCfg = Debug|Any CPU
		{EFCC6E9B-94A9-41B1-AA9C-C3EAE7404B0A}.Debug|x64.Build.0 = Debug|Any CPU
		{EFCC6E9B-94A9-41B1-AA9C-C3EAE7404B0A}.Debug|x86.ActiveCfg = Debug|Any CPU
		{EFCC6E9B-94A9-41B1-AA9C-C3EAE7404B0A}.Debug|x86.Build.0 = Debug|Any CPU
		{EFCC6E9B-94A9-41B1-AA9C-C3EAE7404B0A}.Release|Any CPU.ActiveCfg = Release|Any CPU
		{EFCC6E9B-94A9-41B1-AA9C-C3EAE7404B0A}.Release|Any CPU.Build.0 = Release|Any CPU
		{EFCC6E9B-94A9-41B1-AA9C-C3EAE7404B0A}.Release|ARM.ActiveCfg = Release|Any CPU
		{EFCC6E9B-94A9-41B1-AA9C-C3EAE7404B0A}.Release|ARM.Build.0 = Release|Any CPU
		{EFCC6E9B-94A9-41B1-AA9C-C3EAE7404B0A}.Release|ARM64.ActiveCfg = Release|Any CPU
		{EFCC6E9B-94A9-41B1-AA9C-C3EAE7404B0A}.Release|ARM64.Build.0 = Release|Any CPU
		{EFCC6E9B-94A9-41B1-AA9C-C3EAE7404B0A}.Release|x64.ActiveCfg = Release|Any CPU
		{EFCC6E9B-94A9-41B1-AA9C-C3EAE7404B0A}.Release|x64.Build.0 = Release|Any CPU
		{EFCC6E9B-94A9-41B1-AA9C-C3EAE7404B0A}.Release|x86.ActiveCfg = Release|Any CPU
		{EFCC6E9B-94A9-41B1-AA9C-C3EAE7404B0A}.Release|x86.Build.0 = Release|Any CPU
		{3DA6A36B-3E16-411B-A88D-7343ECA400FE}.Debug|Any CPU.ActiveCfg = Debug|Any CPU
		{3DA6A36B-3E16-411B-A88D-7343ECA400FE}.Debug|Any CPU.Build.0 = Debug|Any CPU
		{3DA6A36B-3E16-411B-A88D-7343ECA400FE}.Debug|ARM.ActiveCfg = Debug|Any CPU
		{3DA6A36B-3E16-411B-A88D-7343ECA400FE}.Debug|ARM.Build.0 = Debug|Any CPU
		{3DA6A36B-3E16-411B-A88D-7343ECA400FE}.Debug|ARM64.ActiveCfg = Debug|Any CPU
		{3DA6A36B-3E16-411B-A88D-7343ECA400FE}.Debug|ARM64.Build.0 = Debug|Any CPU
		{3DA6A36B-3E16-411B-A88D-7343ECA400FE}.Debug|x64.ActiveCfg = Debug|Any CPU
		{3DA6A36B-3E16-411B-A88D-7343ECA400FE}.Debug|x64.Build.0 = Debug|Any CPU
		{3DA6A36B-3E16-411B-A88D-7343ECA400FE}.Debug|x86.ActiveCfg = Debug|Any CPU
		{3DA6A36B-3E16-411B-A88D-7343ECA400FE}.Debug|x86.Build.0 = Debug|Any CPU
		{3DA6A36B-3E16-411B-A88D-7343ECA400FE}.Release|Any CPU.ActiveCfg = Release|Any CPU
		{3DA6A36B-3E16-411B-A88D-7343ECA400FE}.Release|Any CPU.Build.0 = Release|Any CPU
		{3DA6A36B-3E16-411B-A88D-7343ECA400FE}.Release|ARM.ActiveCfg = Release|Any CPU
		{3DA6A36B-3E16-411B-A88D-7343ECA400FE}.Release|ARM.Build.0 = Release|Any CPU
		{3DA6A36B-3E16-411B-A88D-7343ECA400FE}.Release|ARM64.ActiveCfg = Release|Any CPU
		{3DA6A36B-3E16-411B-A88D-7343ECA400FE}.Release|ARM64.Build.0 = Release|Any CPU
		{3DA6A36B-3E16-411B-A88D-7343ECA400FE}.Release|x64.ActiveCfg = Release|Any CPU
		{3DA6A36B-3E16-411B-A88D-7343ECA400FE}.Release|x64.Build.0 = Release|Any CPU
		{3DA6A36B-3E16-411B-A88D-7343ECA400FE}.Release|x86.ActiveCfg = Release|Any CPU
		{3DA6A36B-3E16-411B-A88D-7343ECA400FE}.Release|x86.Build.0 = Release|Any CPU
		{D2977915-E2B3-4FE5-B92E-AC6E0CD6F212}.Debug|Any CPU.ActiveCfg = Debug|Any CPU
		{D2977915-E2B3-4FE5-B92E-AC6E0CD6F212}.Debug|Any CPU.Build.0 = Debug|Any CPU
		{D2977915-E2B3-4FE5-B92E-AC6E0CD6F212}.Debug|ARM.ActiveCfg = Debug|Any CPU
		{D2977915-E2B3-4FE5-B92E-AC6E0CD6F212}.Debug|ARM.Build.0 = Debug|Any CPU
		{D2977915-E2B3-4FE5-B92E-AC6E0CD6F212}.Debug|ARM64.ActiveCfg = Debug|Any CPU
		{D2977915-E2B3-4FE5-B92E-AC6E0CD6F212}.Debug|ARM64.Build.0 = Debug|Any CPU
		{D2977915-E2B3-4FE5-B92E-AC6E0CD6F212}.Debug|x64.ActiveCfg = Debug|Any CPU
		{D2977915-E2B3-4FE5-B92E-AC6E0CD6F212}.Debug|x64.Build.0 = Debug|Any CPU
		{D2977915-E2B3-4FE5-B92E-AC6E0CD6F212}.Debug|x86.ActiveCfg = Debug|Any CPU
		{D2977915-E2B3-4FE5-B92E-AC6E0CD6F212}.Debug|x86.Build.0 = Debug|Any CPU
		{D2977915-E2B3-4FE5-B92E-AC6E0CD6F212}.Release|Any CPU.ActiveCfg = Release|Any CPU
		{D2977915-E2B3-4FE5-B92E-AC6E0CD6F212}.Release|Any CPU.Build.0 = Release|Any CPU
		{D2977915-E2B3-4FE5-B92E-AC6E0CD6F212}.Release|ARM.ActiveCfg = Release|Any CPU
		{D2977915-E2B3-4FE5-B92E-AC6E0CD6F212}.Release|ARM.Build.0 = Release|Any CPU
		{D2977915-E2B3-4FE5-B92E-AC6E0CD6F212}.Release|ARM64.ActiveCfg = Release|Any CPU
		{D2977915-E2B3-4FE5-B92E-AC6E0CD6F212}.Release|ARM64.Build.0 = Release|Any CPU
		{D2977915-E2B3-4FE5-B92E-AC6E0CD6F212}.Release|x64.ActiveCfg = Release|Any CPU
		{D2977915-E2B3-4FE5-B92E-AC6E0CD6F212}.Release|x64.Build.0 = Release|Any CPU
		{D2977915-E2B3-4FE5-B92E-AC6E0CD6F212}.Release|x86.ActiveCfg = Release|Any CPU
		{D2977915-E2B3-4FE5-B92E-AC6E0CD6F212}.Release|x86.Build.0 = Release|Any CPU
		{B1719385-E9A8-4E34-94AD-B951D841BFAB}.Debug|Any CPU.ActiveCfg = Debug|Any CPU
		{B1719385-E9A8-4E34-94AD-B951D841BFAB}.Debug|Any CPU.Build.0 = Debug|Any CPU
		{B1719385-E9A8-4E34-94AD-B951D841BFAB}.Debug|ARM.ActiveCfg = Debug|Any CPU
		{B1719385-E9A8-4E34-94AD-B951D841BFAB}.Debug|ARM.Build.0 = Debug|Any CPU
		{B1719385-E9A8-4E34-94AD-B951D841BFAB}.Debug|ARM64.ActiveCfg = Debug|Any CPU
		{B1719385-E9A8-4E34-94AD-B951D841BFAB}.Debug|ARM64.Build.0 = Debug|Any CPU
		{B1719385-E9A8-4E34-94AD-B951D841BFAB}.Debug|x64.ActiveCfg = Debug|Any CPU
		{B1719385-E9A8-4E34-94AD-B951D841BFAB}.Debug|x64.Build.0 = Debug|Any CPU
		{B1719385-E9A8-4E34-94AD-B951D841BFAB}.Debug|x86.ActiveCfg = Debug|Any CPU
		{B1719385-E9A8-4E34-94AD-B951D841BFAB}.Debug|x86.Build.0 = Debug|Any CPU
		{B1719385-E9A8-4E34-94AD-B951D841BFAB}.Release|Any CPU.ActiveCfg = Release|Any CPU
		{B1719385-E9A8-4E34-94AD-B951D841BFAB}.Release|Any CPU.Build.0 = Release|Any CPU
		{B1719385-E9A8-4E34-94AD-B951D841BFAB}.Release|ARM.ActiveCfg = Release|Any CPU
		{B1719385-E9A8-4E34-94AD-B951D841BFAB}.Release|ARM.Build.0 = Release|Any CPU
		{B1719385-E9A8-4E34-94AD-B951D841BFAB}.Release|ARM64.ActiveCfg = Release|Any CPU
		{B1719385-E9A8-4E34-94AD-B951D841BFAB}.Release|ARM64.Build.0 = Release|Any CPU
		{B1719385-E9A8-4E34-94AD-B951D841BFAB}.Release|x64.ActiveCfg = Release|Any CPU
		{B1719385-E9A8-4E34-94AD-B951D841BFAB}.Release|x64.Build.0 = Release|Any CPU
		{B1719385-E9A8-4E34-94AD-B951D841BFAB}.Release|x86.ActiveCfg = Release|Any CPU
		{B1719385-E9A8-4E34-94AD-B951D841BFAB}.Release|x86.Build.0 = Release|Any CPU
	EndGlobalSection
	GlobalSection(SolutionProperties) = preSolution
		HideSolutionNode = FALSE
	EndGlobalSection
	GlobalSection(NestedProjects) = preSolution
		{EFCC6E9B-94A9-41B1-AA9C-C3EAE7404B0A} = {19E0C620-5E2E-4424-B1EB-085CF7102002}
		{3DA6A36B-3E16-411B-A88D-7343ECA400FE} = {ACB51D47-30EE-4EE4-9EAC-0E6E3E8A1AA5}
		{D2977915-E2B3-4FE5-B92E-AC6E0CD6F212} = {78FFA08B-F28A-412F-9D6B-09B00D8AED8C}
		{3D7D7D78-C611-4B93-9262-C4C716E9AEDC} = {D17B7FB1-3AF0-411A-9C02-A155036CFF8A}
		{CDE77EEF-D042-4B2A-9E28-19CA14D4DAF2} = {3D7D7D78-C611-4B93-9262-C4C716E9AEDC}
		{B1719385-E9A8-4E34-94AD-B951D841BFAB} = {CDE77EEF-D042-4B2A-9E28-19CA14D4DAF2}
	EndGlobalSection
	GlobalSection(ExtensibilityGlobals) = postSolution
		SolutionGuid = {5D09D6DE-1193-4D65-A235-4A913F8C6343}
	EndGlobalSection
EndGlobal
